// !$*UTF8*$!
{
	archiveVersion = 1;
	classes = {
	};
	objectVersion = 46;
	objects = {

/* Begin PBXBuildFile section */
		1B75F9FF1DDF232C0075E6EB /* Wireframe.swift in Sources */ = {isa = PBXBuildFile; fileRef = 1B75F9FE1DDF232C0075E6EB /* Wireframe.swift */; };
		1BF8155D1DDE0C0800D7DDAB /* AppDelegate.swift in Sources */ = {isa = PBXBuildFile; fileRef = 1BF8155C1DDE0C0800D7DDAB /* AppDelegate.swift */; };
		1BF815641DDE0C0800D7DDAB /* Assets.xcassets in Resources */ = {isa = PBXBuildFile; fileRef = 1BF815631DDE0C0800D7DDAB /* Assets.xcassets */; };
		1BF815671DDE0C0800D7DDAB /* LaunchScreen.storyboard in Resources */ = {isa = PBXBuildFile; fileRef = 1BF815651DDE0C0800D7DDAB /* LaunchScreen.storyboard */; };
		1BF815731DDE0CB600D7DDAB /* DetailsViewController.swift in Sources */ = {isa = PBXBuildFile; fileRef = 1BF815711DDE0CB600D7DDAB /* DetailsViewController.swift */; };
		1BF815741DDE0CB600D7DDAB /* MainViewController.swift in Sources */ = {isa = PBXBuildFile; fileRef = 1BF815721DDE0CB600D7DDAB /* MainViewController.swift */; };
		1BF815781DDE0CDB00D7DDAB /* MainViewModel.swift in Sources */ = {isa = PBXBuildFile; fileRef = 1BF815771DDE0CDB00D7DDAB /* MainViewModel.swift */; };
		1BF8157A1DDE0CF200D7DDAB /* MainViewModelProtocol.swift in Sources */ = {isa = PBXBuildFile; fileRef = 1BF815791DDE0CF200D7DDAB /* MainViewModelProtocol.swift */; };
		1BF8157E1DDE0D2500D7DDAB /* Signal.swift in Sources */ = {isa = PBXBuildFile; fileRef = 1BF8157D1DDE0D2500D7DDAB /* Signal.swift */; };
		1BF815811DDE0EA800D7DDAB /* TextLoaderProtocol.swift in Sources */ = {isa = PBXBuildFile; fileRef = 1BF8157F1DDE0EA800D7DDAB /* TextLoaderProtocol.swift */; };
		1BF815821DDE0EA800D7DDAB /* TextLoader.swift in Sources */ = {isa = PBXBuildFile; fileRef = 1BF815801DDE0EA800D7DDAB /* TextLoader.swift */; };
/* End PBXBuildFile section */

/* Begin PBXFileReference section */
		1B75F9FE1DDF232C0075E6EB /* Wireframe.swift */ = {isa = PBXFileReference; fileEncoding = 4; lastKnownFileType = sourcecode.swift; path = Wireframe.swift; sourceTree = "<group>"; };
		1BF815591DDE0C0800D7DDAB /* MVVM.app */ = {isa = PBXFileReference; explicitFileType = wrapper.application; includeInIndex = 0; path = MVVM.app; sourceTree = BUILT_PRODUCTS_DIR; };
		1BF8155C1DDE0C0800D7DDAB /* AppDelegate.swift */ = {isa = PBXFileReference; lastKnownFileType = sourcecode.swift; path = AppDelegate.swift; sourceTree = "<group>"; };
		1BF815631DDE0C0800D7DDAB /* Assets.xcassets */ = {isa = PBXFileReference; lastKnownFileType = folder.assetcatalog; path = Assets.xcassets; sourceTree = "<group>"; };
		1BF815661DDE0C0800D7DDAB /* Base */ = {isa = PBXFileReference; lastKnownFileType = file.storyboard; name = Base; path = Base.lproj/LaunchScreen.storyboard; sourceTree = "<group>"; };
		1BF815681DDE0C0800D7DDAB /* Info.plist */ = {isa = PBXFileReference; lastKnownFileType = text.plist.xml; path = Info.plist; sourceTree = "<group>"; };
		1BF815711DDE0CB600D7DDAB /* DetailsViewController.swift */ = {isa = PBXFileReference; fileEncoding = 4; lastKnownFileType = sourcecode.swift; path = DetailsViewController.swift; sourceTree = "<group>"; };
		1BF815721DDE0CB600D7DDAB /* MainViewController.swift */ = {isa = PBXFileReference; fileEncoding = 4; lastKnownFileType = sourcecode.swift; path = MainViewController.swift; sourceTree = "<group>"; };
		1BF815771DDE0CDB00D7DDAB /* MainViewModel.swift */ = {isa = PBXFileReference; fileEncoding = 4; lastKnownFileType = sourcecode.swift; path = MainViewModel.swift; sourceTree = "<group>"; };
		1BF815791DDE0CF200D7DDAB /* MainViewModelProtocol.swift */ = {isa = PBXFileReference; fileEncoding = 4; lastKnownFileType = sourcecode.swift; path = MainViewModelProtocol.swift; sourceTree = "<group>"; };
		1BF8157D1DDE0D2500D7DDAB /* Signal.swift */ = {isa = PBXFileReference; fileEncoding = 4; lastKnownFileType = sourcecode.swift; path = Signal.swift; sourceTree = "<group>"; };
		1BF8157F1DDE0EA800D7DDAB /* TextLoaderProtocol.swift */ = {isa = PBXFileReference; fileEncoding = 4; lastKnownFileType = sourcecode.swift; path = TextLoaderProtocol.swift; sourceTree = "<group>"; };
		1BF815801DDE0EA800D7DDAB /* TextLoader.swift */ = {isa = PBXFileReference; fileEncoding = 4; lastKnownFileType = sourcecode.swift; path = TextLoader.swift; sourceTree = "<group>"; };
/* End PBXFileReference section */

/* Begin PBXFrameworksBuildPhase section */
		1BF815561DDE0C0800D7DDAB /* Frameworks */ = {
			isa = PBXFrameworksBuildPhase;
			buildActionMask = 2147483647;
			files = (
			);
			runOnlyForDeploymentPostprocessing = 0;
		};
/* End PBXFrameworksBuildPhase section */

/* Begin PBXGroup section */
		1B75F9FD1DDF231A0075E6EB /* Routing */ = {
			isa = PBXGroup;
			children = (
				1B75F9FE1DDF232C0075E6EB /* Wireframe.swift */,
			);
			name = Routing;
			sourceTree = "<group>";
		};
		1BF815501DDE0C0800D7DDAB = {
			isa = PBXGroup;
			children = (
				1BF8155B1DDE0C0800D7DDAB /* MVVM */,
				1BF8155A1DDE0C0800D7DDAB /* Products */,
			);
			sourceTree = "<group>";
		};
		1BF8155A1DDE0C0800D7DDAB /* Products */ = {
			isa = PBXGroup;
			children = (
				1BF815591DDE0C0800D7DDAB /* MVVM.app */,
			);
			name = Products;
			sourceTree = "<group>";
		};
		1BF8155B1DDE0C0800D7DDAB /* MVVM */ = {
			isa = PBXGroup;
			children = (
				1BF8157D1DDE0D2500D7DDAB /* Signal.swift */,
				1BF8156E1DDE0C3D00D7DDAB /* Model */,
				1BF8156F1DDE0C4200D7DDAB /* View */,
				1BF815701DDE0C4900D7DDAB /* ViewModel */,
				1B75F9FD1DDF231A0075E6EB /* Routing */,
				1BF8155C1DDE0C0800D7DDAB /* AppDelegate.swift */,
				1BF815631DDE0C0800D7DDAB /* Assets.xcassets */,
				1BF815651DDE0C0800D7DDAB /* LaunchScreen.storyboard */,
				1BF815681DDE0C0800D7DDAB /* Info.plist */,
			);
			path = MVVM;
			sourceTree = "<group>";
		};
		1BF8156E1DDE0C3D00D7DDAB /* Model */ = {
			isa = PBXGroup;
			children = (
				1BF8157F1DDE0EA800D7DDAB /* TextLoaderProtocol.swift */,
				1BF815801DDE0EA800D7DDAB /* TextLoader.swift */,
			);
			name = Model;
			sourceTree = "<group>";
		};
		1BF8156F1DDE0C4200D7DDAB /* View */ = {
			isa = PBXGroup;
			children = (
				1BF815721DDE0CB600D7DDAB /* MainViewController.swift */,
				1BF815711DDE0CB600D7DDAB /* DetailsViewController.swift */,
			);
			name = View;
			sourceTree = "<group>";
		};
		1BF815701DDE0C4900D7DDAB /* ViewModel */ = {
			isa = PBXGroup;
			children = (
				1BF815791DDE0CF200D7DDAB /* MainViewModelProtocol.swift */,
				1BF815771DDE0CDB00D7DDAB /* MainViewModel.swift */,
			);
			name = ViewModel;
			sourceTree = "<group>";
		};
/* End PBXGroup section */

/* Begin PBXNativeTarget section */
		1BF815581DDE0C0800D7DDAB /* MVVM */ = {
			isa = PBXNativeTarget;
			buildConfigurationList = 1BF8156B1DDE0C0800D7DDAB /* Build configuration list for PBXNativeTarget "MVVM" */;
			buildPhases = (
				1BF815551DDE0C0800D7DDAB /* Sources */,
				1BF815561DDE0C0800D7DDAB /* Frameworks */,
				1BF815571DDE0C0800D7DDAB /* Resources */,
			);
			buildRules = (
			);
			dependencies = (
			);
			name = MVVM;
			productName = MVVM;
			productReference = 1BF815591DDE0C0800D7DDAB /* MVVM.app */;
			productType = "com.apple.product-type.application";
		};
/* End PBXNativeTarget section */

/* Begin PBXProject section */
		1BF815511DDE0C0800D7DDAB /* Project object */ = {
			isa = PBXProject;
			attributes = {
				LastSwiftUpdateCheck = 0820;
				LastUpgradeCheck = 0820;
				ORGANIZATIONNAME = psharanda;
				TargetAttributes = {
					1BF815581DDE0C0800D7DDAB = {
						CreatedOnToolsVersion = 8.2;
						ProvisioningStyle = Automatic;
					};
				};
			};
			buildConfigurationList = 1BF815541DDE0C0800D7DDAB /* Build configuration list for PBXProject "MVVM" */;
			compatibilityVersion = "Xcode 3.2";
			developmentRegion = English;
			hasScannedForEncodings = 0;
			knownRegions = (
				en,
				Base,
			);
			mainGroup = 1BF815501DDE0C0800D7DDAB;
			productRefGroup = 1BF8155A1DDE0C0800D7DDAB /* Products */;
			projectDirPath = "";
			projectRoot = "";
			targets = (
				1BF815581DDE0C0800D7DDAB /* MVVM */,
			);
		};
/* End PBXProject section */

/* Begin PBXResourcesBuildPhase section */
		1BF815571DDE0C0800D7DDAB /* Resources */ = {
			isa = PBXResourcesBuildPhase;
			buildActionMask = 2147483647;
			files = (
				1BF815671DDE0C0800D7DDAB /* LaunchScreen.storyboard in Resources */,
				1BF815641DDE0C0800D7DDAB /* Assets.xcassets in Resources */,
			);
			runOnlyForDeploymentPostprocessing = 0;
		};
/* End PBXResourcesBuildPhase section */

/* Begin PBXSourcesBuildPhase section */
		1BF815551DDE0C0800D7DDAB /* Sources */ = {
			isa = PBXSourcesBuildPhase;
			buildActionMask = 2147483647;
			files = (
				1BF815781DDE0CDB00D7DDAB /* MainViewModel.swift in Sources */,
				1BF815741DDE0CB600D7DDAB /* MainViewController.swift in Sources */,
				1BF815821DDE0EA800D7DDAB /* TextLoader.swift in Sources */,
				1BF8155D1DDE0C0800D7DDAB /* AppDelegate.swift in Sources */,
				1BF815811DDE0EA800D7DDAB /* TextLoaderProtocol.swift in Sources */,
				1B75F9FF1DDF232C0075E6EB /* Wireframe.swift in Sources */,
				1BF8157A1DDE0CF200D7DDAB /* MainViewModelProtocol.swift in Sources */,
				1BF8157E1DDE0D2500D7DDAB /* Signal.swift in Sources */,
				1BF815731DDE0CB600D7DDAB /* DetailsViewController.swift in Sources */,
			);
			runOnlyForDeploymentPostprocessing = 0;
		};
/* End PBXSourcesBuildPhase section */

/* Begin PBXVariantGroup section */
		1BF815651DDE0C0800D7DDAB /* LaunchScreen.storyboard */ = {
			isa = PBXVariantGroup;
			children = (
				1BF815661DDE0C0800D7DDAB /* Base */,
			);
			name = LaunchScreen.storyboard;
			sourceTree = "<group>";
		};
/* End PBXVariantGroup section */

/* Begin XCBuildConfiguration section */
		1BF815691DDE0C0800D7DDAB /* Debug */ = {
			isa = XCBuildConfiguration;
			buildSettings = {
				ALWAYS_SEARCH_USER_PATHS = NO;
				CLANG_ANALYZER_NONNULL = YES;
				CLANG_CXX_LANGUAGE_STANDARD = "gnu++0x";
				CLANG_CXX_LIBRARY = "libc++";
				CLANG_ENABLE_MODULES = YES;
				CLANG_ENABLE_OBJC_ARC = YES;
				CLANG_WARN_BOOL_CONVERSION = YES;
				CLANG_WARN_CONSTANT_CONVERSION = YES;
				CLANG_WARN_DIRECT_OBJC_ISA_USAGE = YES_ERROR;
				CLANG_WARN_DOCUMENTATION_COMMENTS = YES;
				CLANG_WARN_EMPTY_BODY = YES;
				CLANG_WARN_ENUM_CONVERSION = YES;
				CLANG_WARN_INFINITE_RECURSION = YES;
				CLANG_WARN_INT_CONVERSION = YES;
				CLANG_WARN_OBJC_ROOT_CLASS = YES_ERROR;
				CLANG_WARN_SUSPICIOUS_MOVE = YES;
				CLANG_WARN_UNREACHABLE_CODE = YES;
				CLANG_WARN__DUPLICATE_METHOD_MATCH = YES;
				"CODE_SIGN_IDENTITY[sdk=iphoneos*]" = "iPhone Developer";
				COPY_PHASE_STRIP = NO;
				DEBUG_INFORMATION_FORMAT = dwarf;
				ENABLE_STRICT_OBJC_MSGSEND = YES;
				ENABLE_TESTABILITY = YES;
				GCC_C_LANGUAGE_STANDARD = gnu99;
				GCC_DYNAMIC_NO_PIC = NO;
				GCC_NO_COMMON_BLOCKS = YES;
				GCC_OPTIMIZATION_LEVEL = 0;
				GCC_PREPROCESSOR_DEFINITIONS = (
					"DEBUG=1",
					"$(inherited)",
				);
				GCC_WARN_64_TO_32_BIT_CONVERSION = YES;
				GCC_WARN_ABOUT_RETURN_TYPE = YES_ERROR;
				GCC_WARN_UNDECLARED_SELECTOR = YES;
				GCC_WARN_UNINITIALIZED_AUTOS = YES_AGGRESSIVE;
				GCC_WARN_UNUSED_FUNCTION = YES;
				GCC_WARN_UNUSED_VARIABLE = YES;
				IPHONEOS_DEPLOYMENT_TARGET = 10.2;
				MTL_ENABLE_DEBUG_INFO = YES;
				ONLY_ACTIVE_ARCH = YES;
				SDKROOT = iphoneos;
				SWIFT_ACTIVE_COMPILATION_CONDITIONS = DEBUG;
				SWIFT_OPTIMIZATION_LEVEL = "-Onone";
			};
			name = Debug;
		};
		1BF8156A1DDE0C0800D7DDAB /* Release */ = {
			isa = XCBuildConfiguration;
			buildSettings = {
				ALWAYS_SEARCH_USER_PATHS = NO;
				CLANG_ANALYZER_NONNULL = YES;
				CLANG_CXX_LANGUAGE_STANDARD = "gnu++0x";
				CLANG_CXX_LIBRARY = "libc++";
				CLANG_ENABLE_MODULES = YES;
				CLANG_ENABLE_OBJC_ARC = YES;
				CLANG_WARN_BOOL_CONVERSION = YES;
				CLANG_WARN_CONSTANT_CONVERSION = YES;
				CLANG_WARN_DIRECT_OBJC_ISA_USAGE = YES_ERROR;
				CLANG_WARN_DOCUMENTATION_COMMENTS = YES;
				CLANG_WARN_EMPTY_BODY = YES;
				CLANG_WARN_ENUM_CONVERSION = YES;
				CLANG_WARN_INFINITE_RECURSION = YES;
				CLANG_WARN_INT_CONVERSION = YES;
				CLANG_WARN_OBJC_ROOT_CLASS = YES_ERROR;
				CLANG_WARN_SUSPICIOUS_MOVE = YES;
				CLANG_WARN_UNREACHABLE_CODE = YES;
				CLANG_WARN__DUPLICATE_METHOD_MATCH = YES;
				"CODE_SIGN_IDENTITY[sdk=iphoneos*]" = "iPhone Developer";
				COPY_PHASE_STRIP = NO;
				DEBUG_INFORMATION_FORMAT = "dwarf-with-dsym";
				ENABLE_NS_ASSERTIONS = NO;
				ENABLE_STRICT_OBJC_MSGSEND = YES;
				GCC_C_LANGUAGE_STANDARD = gnu99;
				GCC_NO_COMMON_BLOCKS = YES;
				GCC_WARN_64_TO_32_BIT_CONVERSION = YES;
				GCC_WARN_ABOUT_RETURN_TYPE = YES_ERROR;
				GCC_WARN_UNDECLARED_SELECTOR = YES;
				GCC_WARN_UNINITIALIZED_AUTOS = YES_AGGRESSIVE;
				GCC_WARN_UNUSED_FUNCTION = YES;
				GCC_WARN_UNUSED_VARIABLE = YES;
				IPHONEOS_DEPLOYMENT_TARGET = 10.2;
				MTL_ENABLE_DEBUG_INFO = NO;
				SDKROOT = iphoneos;
				SWIFT_OPTIMIZATION_LEVEL = "-Owholemodule";
				VALIDATE_PRODUCT = YES;
			};
			name = Release;
		};
		1BF8156C1DDE0C0800D7DDAB /* Debug */ = {
			isa = XCBuildConfiguration;
			buildSettings = {
				ASSETCATALOG_COMPILER_APPICON_NAME = AppIcon;
				INFOPLIST_FILE = MVVM/Info.plist;
				LD_RUNPATH_SEARCH_PATHS = "$(inherited) @executable_path/Frameworks";
				PRODUCT_BUNDLE_IDENTIFIER = org.psharanda.MVVM;
				PRODUCT_NAME = "$(TARGET_NAME)";
				SWIFT_VERSION = 3.0;
			};
			name = Debug;
		};
		1BF8156D1DDE0C0800D7DDAB /* Release */ = {
			isa = XCBuildConfiguration;
			buildSettings = {
				ASSETCATALOG_COMPILER_APPICON_NAME = AppIcon;
				INFOPLIST_FILE = MVVM/Info.plist;
				LD_RUNPATH_SEARCH_PATHS = "$(inherited) @executable_path/Frameworks";
				PRODUCT_BUNDLE_IDENTIFIER = org.psharanda.MVVM;
				PRODUCT_NAME = "$(TARGET_NAME)";
				SWIFT_VERSION = 3.0;
			};
			name = Release;
		};
/* End XCBuildConfiguration section */

/* Begin XCConfigurationList section */
		1BF815541DDE0C0800D7DDAB /* Build configuration list for PBXProject "MVVM" */ = {
			isa = XCConfigurationList;
			buildConfigurations = (
				1BF815691DDE0C0800D7DDAB /* Debug */,
				1BF8156A1DDE0C0800D7DDAB /* Release */,
			);
			defaultConfigurationIsVisible = 0;
			defaultConfigurationName = Release;
		};
		1BF8156B1DDE0C0800D7DDAB /* Build configuration list for PBXNativeTarget "MVVM" */ = {
			isa = XCConfigurationList;
			buildConfigurations = (
				1BF8156C1DDE0C0800D7DDAB /* Debug */,
				1BF8156D1DDE0C0800D7DDAB /* Release */,
			);
			defaultConfigurationIsVisible = 0;
			defaultConfigurationName = Release;
		};
/* End XCConfigurationList section */
	};
	rootObject = 1BF815511DDE0C0800D7DDAB /* Project object */;
}
