// !$*UTF8*$!
{
	archiveVersion = 1;
	classes = {
	};
	objectVersion = 46;
	objects = {

/* Begin PBXBuildFile section */
		1B2726F11E536B670018D56D /* MainViewControllerProtocol.swift in Sources */ = {isa = PBXBuildFile; fileRef = 1B2726F01E536B670018D56D /* MainViewControllerProtocol.swift */; };
		1B2726F41E536BA40018D56D /* Context.swift in Sources */ = {isa = PBXBuildFile; fileRef = 1B2726F21E536BA40018D56D /* Context.swift */; };
		1B2726F51E536BA40018D56D /* Routing.swift in Sources */ = {isa = PBXBuildFile; fileRef = 1B2726F31E536BA40018D56D /* Routing.swift */; };
		1B2726F91E536BB40018D56D /* Store.swift in Sources */ = {isa = PBXBuildFile; fileRef = 1B2726F81E536BB40018D56D /* Store.swift */; };
		1B2726FB1E536BC70018D56D /* Wireframe.swift in Sources */ = {isa = PBXBuildFile; fileRef = 1B2726FA1E536BC70018D56D /* Wireframe.swift */; };
		1B2727051E536C860018D56D /* TextLoaderProtocol.swift in Sources */ = {isa = PBXBuildFile; fileRef = 1B2727031E536C860018D56D /* TextLoaderProtocol.swift */; };
		1B2727061E536C860018D56D /* TextLoader.swift in Sources */ = {isa = PBXBuildFile; fileRef = 1B2727041E536C860018D56D /* TextLoader.swift */; };
		1B2727081E5372440018D56D /* Signal.swift in Sources */ = {isa = PBXBuildFile; fileRef = 1B2727071E5372440018D56D /* Signal.swift */; };
		1BB6B4C51E536616007A55B0 /* AppDelegate.swift in Sources */ = {isa = PBXBuildFile; fileRef = 1BB6B4C41E536616007A55B0 /* AppDelegate.swift */; };
		1BB6B4CC1E536616007A55B0 /* Assets.xcassets in Resources */ = {isa = PBXBuildFile; fileRef = 1BB6B4CB1E536616007A55B0 /* Assets.xcassets */; };
		1BB6B4CF1E536616007A55B0 /* LaunchScreen.storyboard in Resources */ = {isa = PBXBuildFile; fileRef = 1BB6B4CD1E536616007A55B0 /* LaunchScreen.storyboard */; };
		1BB6B4D81E536659007A55B0 /* DetailsViewController.swift in Sources */ = {isa = PBXBuildFile; fileRef = 1BB6B4D61E536659007A55B0 /* DetailsViewController.swift */; };
		1BB6B4D91E536659007A55B0 /* MainViewController.swift in Sources */ = {isa = PBXBuildFile; fileRef = 1BB6B4D71E536659007A55B0 /* MainViewController.swift */; };
/* End PBXBuildFile section */

/* Begin PBXFileReference section */
		1B2726F01E536B670018D56D /* MainViewControllerProtocol.swift */ = {isa = PBXFileReference; fileEncoding = 4; lastKnownFileType = sourcecode.swift; path = MainViewControllerProtocol.swift; sourceTree = "<group>"; };
		1B2726F21E536BA40018D56D /* Context.swift */ = {isa = PBXFileReference; fileEncoding = 4; lastKnownFileType = sourcecode.swift; path = Context.swift; sourceTree = "<group>"; };
		1B2726F31E536BA40018D56D /* Routing.swift */ = {isa = PBXFileReference; fileEncoding = 4; lastKnownFileType = sourcecode.swift; path = Routing.swift; sourceTree = "<group>"; };
		1B2726F81E536BB40018D56D /* Store.swift */ = {isa = PBXFileReference; fileEncoding = 4; lastKnownFileType = sourcecode.swift; path = Store.swift; sourceTree = "<group>"; };
		1B2726FA1E536BC70018D56D /* Wireframe.swift */ = {isa = PBXFileReference; fileEncoding = 4; lastKnownFileType = sourcecode.swift; path = Wireframe.swift; sourceTree = "<group>"; };
		1B2727031E536C860018D56D /* TextLoaderProtocol.swift */ = {isa = PBXFileReference; fileEncoding = 4; lastKnownFileType = sourcecode.swift; path = TextLoaderProtocol.swift; sourceTree = "<group>"; };
		1B2727041E536C860018D56D /* TextLoader.swift */ = {isa = PBXFileReference; fileEncoding = 4; lastKnownFileType = sourcecode.swift; path = TextLoader.swift; sourceTree = "<group>"; };
		1B2727071E5372440018D56D /* Signal.swift */ = {isa = PBXFileReference; fileEncoding = 4; lastKnownFileType = sourcecode.swift; path = Signal.swift; sourceTree = "<group>"; };
		1BB6B4C11E536616007A55B0 /* FLUX.app */ = {isa = PBXFileReference; explicitFileType = wrapper.application; includeInIndex = 0; path = FLUX.app; sourceTree = BUILT_PRODUCTS_DIR; };
		1BB6B4C41E536616007A55B0 /* AppDelegate.swift */ = {isa = PBXFileReference; lastKnownFileType = sourcecode.swift; path = AppDelegate.swift; sourceTree = "<group>"; };
		1BB6B4CB1E536616007A55B0 /* Assets.xcassets */ = {isa = PBXFileReference; lastKnownFileType = folder.assetcatalog; path = Assets.xcassets; sourceTree = "<group>"; };
		1BB6B4CE1E536616007A55B0 /* Base */ = {isa = PBXFileReference; lastKnownFileType = file.storyboard; name = Base; path = Base.lproj/LaunchScreen.storyboard; sourceTree = "<group>"; };
		1BB6B4D01E536616007A55B0 /* Info.plist */ = {isa = PBXFileReference; lastKnownFileType = text.plist.xml; path = Info.plist; sourceTree = "<group>"; };
		1BB6B4D61E536659007A55B0 /* DetailsViewController.swift */ = {isa = PBXFileReference; fileEncoding = 4; lastKnownFileType = sourcecode.swift; path = DetailsViewController.swift; sourceTree = "<group>"; };
		1BB6B4D71E536659007A55B0 /* MainViewController.swift */ = {isa = PBXFileReference; fileEncoding = 4; lastKnownFileType = sourcecode.swift; path = MainViewController.swift; sourceTree = "<group>"; };
/* End PBXFileReference section */

/* Begin PBXFrameworksBuildPhase section */
		1BB6B4BE1E536616007A55B0 /* Frameworks */ = {
			isa = PBXFrameworksBuildPhase;
			buildActionMask = 2147483647;
			files = (
			);
			runOnlyForDeploymentPostprocessing = 0;
		};
/* End PBXFrameworksBuildPhase section */

/* Begin PBXGroup section */
		1B2726FC1E536BE00018D56D /* Routing */ = {
			isa = PBXGroup;
			children = (
				1B2726FA1E536BC70018D56D /* Wireframe.swift */,
			);
			name = Routing;
			sourceTree = "<group>";
		};
		1B2726FD1E536BE80018D56D /* Module */ = {
			isa = PBXGroup;
			children = (
				1B2726F81E536BB40018D56D /* Store.swift */,
				1B2727011E536C3E0018D56D /* Main */,
				1B2727021E536C430018D56D /* Details */,
			);
			name = Module;
			sourceTree = "<group>";
		};
		1B2726FF1E536BFB0018D56D /* Model */ = {
			isa = PBXGroup;
			children = (
				1B2727031E536C860018D56D /* TextLoaderProtocol.swift */,
				1B2727041E536C860018D56D /* TextLoader.swift */,
			);
			name = Model;
			sourceTree = "<group>";
		};
		1B2727001E536C1E0018D56D /* App */ = {
			isa = PBXGroup;
			children = (
				1BB6B4C41E536616007A55B0 /* AppDelegate.swift */,
				1BB6B4CB1E536616007A55B0 /* Assets.xcassets */,
				1BB6B4CD1E536616007A55B0 /* LaunchScreen.storyboard */,
				1BB6B4D01E536616007A55B0 /* Info.plist */,
			);
			name = App;
			sourceTree = "<group>";
		};
		1B2727011E536C3E0018D56D /* Main */ = {
			isa = PBXGroup;
			children = (
				1B2726F01E536B670018D56D /* MainViewControllerProtocol.swift */,
				1BB6B4D71E536659007A55B0 /* MainViewController.swift */,
			);
			name = Main;
			sourceTree = "<group>";
		};
		1B2727021E536C430018D56D /* Details */ = {
			isa = PBXGroup;
			children = (
				1BB6B4D61E536659007A55B0 /* DetailsViewController.swift */,
			);
			name = Details;
			sourceTree = "<group>";
		};
		1B2727091E537D950018D56D /* Foundation */ = {
			isa = PBXGroup;
			children = (
				1B2726F31E536BA40018D56D /* Routing.swift */,
				1B2727071E5372440018D56D /* Signal.swift */,
			);
			name = Foundation;
			sourceTree = "<group>";
		};
		1BB6B4B81E536616007A55B0 = {
			isa = PBXGroup;
			children = (
				1BB6B4C31E536616007A55B0 /* FLUX */,
				1BB6B4C21E536616007A55B0 /* Products */,
			);
			sourceTree = "<group>";
		};
		1BB6B4C21E536616007A55B0 /* Products */ = {
			isa = PBXGroup;
			children = (
				1BB6B4C11E536616007A55B0 /* FLUX.app */,
			);
			name = Products;
			sourceTree = "<group>";
		};
		1BB6B4C31E536616007A55B0 /* FLUX */ = {
			isa = PBXGroup;
			children = (
				1B2727091E537D950018D56D /* Foundation */,
				1B2727001E536C1E0018D56D /* App */,
				1B2726FF1E536BFB0018D56D /* Model */,
				1B2726FD1E536BE80018D56D /* Module */,
				1B2726FC1E536BE00018D56D /* Routing */,
				1B2726F21E536BA40018D56D /* Context.swift */,
			);
			path = FLUX;
			sourceTree = "<group>";
		};
/* End PBXGroup section */

/* Begin PBXNativeTarget section */
		1BB6B4C01E536616007A55B0 /* FLUX */ = {
			isa = PBXNativeTarget;
			buildConfigurationList = 1BB6B4D31E536616007A55B0 /* Build configuration list for PBXNativeTarget "FLUX" */;
			buildPhases = (
				1BB6B4BD1E536616007A55B0 /* Sources */,
				1BB6B4BE1E536616007A55B0 /* Frameworks */,
				1BB6B4BF1E536616007A55B0 /* Resources */,
			);
			buildRules = (
			);
			dependencies = (
			);
			name = FLUX;
			productName = FLUX;
			productReference = 1BB6B4C11E536616007A55B0 /* FLUX.app */;
			productType = "com.apple.product-type.application";
		};
/* End PBXNativeTarget section */

/* Begin PBXProject section */
		1BB6B4B91E536616007A55B0 /* Project object */ = {
			isa = PBXProject;
			attributes = {
				LastSwiftUpdateCheck = 0820;
				LastUpgradeCheck = 0820;
				ORGANIZATIONNAME = SnipSnap;
				TargetAttributes = {
					1BB6B4C01E536616007A55B0 = {
						CreatedOnToolsVersion = 8.2.1;
						ProvisioningStyle = Automatic;
					};
				};
			};
			buildConfigurationList = 1BB6B4BC1E536616007A55B0 /* Build configuration list for PBXProject "FLUX" */;
			compatibilityVersion = "Xcode 3.2";
			developmentRegion = English;
			hasScannedForEncodings = 0;
			knownRegions = (
				en,
				Base,
			);
			mainGroup = 1BB6B4B81E536616007A55B0;
			productRefGroup = 1BB6B4C21E536616007A55B0 /* Products */;
			projectDirPath = "";
			projectRoot = "";
			targets = (
				1BB6B4C01E536616007A55B0 /* FLUX */,
			);
		};
/* End PBXProject section */

/* Begin PBXResourcesBuildPhase section */
		1BB6B4BF1E536616007A55B0 /* Resources */ = {
			isa = PBXResourcesBuildPhase;
			buildActionMask = 2147483647;
			files = (
				1BB6B4CF1E536616007A55B0 /* LaunchScreen.storyboard in Resources */,
				1BB6B4CC1E536616007A55B0 /* Assets.xcassets in Resources */,
			);
			runOnlyForDeploymentPostprocessing = 0;
		};
/* End PBXResourcesBuildPhase section */

/* Begin PBXSourcesBuildPhase section */
		1BB6B4BD1E536616007A55B0 /* Sources */ = {
			isa = PBXSourcesBuildPhase;
			buildActionMask = 2147483647;
			files = (
				1BB6B4D91E536659007A55B0 /* MainViewController.swift in Sources */,
				1B2727081E5372440018D56D /* Signal.swift in Sources */,
				1B2726F11E536B670018D56D /* MainViewControllerProtocol.swift in Sources */,
				1B2726F51E536BA40018D56D /* Routing.swift in Sources */,
				1B2726F41E536BA40018D56D /* Context.swift in Sources */,
				1BB6B4C51E536616007A55B0 /* AppDelegate.swift in Sources */,
				1B2727061E536C860018D56D /* TextLoader.swift in Sources */,
				1B2726FB1E536BC70018D56D /* Wireframe.swift in Sources */,
				1B2726F91E536BB40018D56D /* Store.swift in Sources */,
				1B2727051E536C860018D56D /* TextLoaderProtocol.swift in Sources */,
				1BB6B4D81E536659007A55B0 /* DetailsViewController.swift in Sources */,
			);
			runOnlyForDeploymentPostprocessing = 0;
		};
/* End PBXSourcesBuildPhase section */

/* Begin PBXVariantGroup section */
		1BB6B4CD1E536616007A55B0 /* LaunchScreen.storyboard */ = {
			isa = PBXVariantGroup;
			children = (
				1BB6B4CE1E536616007A55B0 /* Base */,
			);
			name = LaunchScreen.storyboard;
			sourceTree = "<group>";
		};
/* End PBXVariantGroup section */

/* Begin XCBuildConfiguration section */
		1BB6B4D11E536616007A55B0 /* Debug */ = {
			isa = XCBuildConfiguration;
			buildSettings = {
				ALWAYS_SEARCH_USER_PATHS = NO;
				CLANG_ANALYZER_NONNULL = YES;
				CLANG_CXX_LANGUAGE_STANDARD = "gnu++0x";
				CLANG_CXX_LIBRARY = "libc++";
				CLANG_ENABLE_MODULES = YES;
				CLANG_ENABLE_OBJC_ARC = YES;
				CLANG_WARN_BOOL_CONVERSION = YES;
				CLANG_WARN_CONSTANT_CONVERSION = YES;
				CLANG_WARN_DIRECT_OBJC_ISA_USAGE = YES_ERROR;
				CLANG_WARN_DOCUMENTATION_COMMENTS = YES;
				CLANG_WARN_EMPTY_BODY = YES;
				CLANG_WARN_ENUM_CONVERSION = YES;
				CLANG_WARN_INFINITE_RECURSION = YES;
				CLANG_WARN_INT_CONVERSION = YES;
				CLANG_WARN_OBJC_ROOT_CLASS = YES_ERROR;
				CLANG_WARN_SUSPICIOUS_MOVE = YES;
				CLANG_WARN_UNREACHABLE_CODE = YES;
				CLANG_WARN__DUPLICATE_METHOD_MATCH = YES;
				"CODE_SIGN_IDENTITY[sdk=iphoneos*]" = "iPhone Developer";
				COPY_PHASE_STRIP = NO;
				DEBUG_INFORMATION_FORMAT = dwarf;
				ENABLE_STRICT_OBJC_MSGSEND = YES;
				ENABLE_TESTABILITY = YES;
				GCC_C_LANGUAGE_STANDARD = gnu99;
				GCC_DYNAMIC_NO_PIC = NO;
				GCC_NO_COMMON_BLOCKS = YES;
				GCC_OPTIMIZATION_LEVEL = 0;
				GCC_PREPROCESSOR_DEFINITIONS = (
					"DEBUG=1",
					"$(inherited)",
				);
				GCC_WARN_64_TO_32_BIT_CONVERSION = YES;
				GCC_WARN_ABOUT_RETURN_TYPE = YES_ERROR;
				GCC_WARN_UNDECLARED_SELECTOR = YES;
				GCC_WARN_UNINITIALIZED_AUTOS = YES_AGGRESSIVE;
				GCC_WARN_UNUSED_FUNCTION = YES;
				GCC_WARN_UNUSED_VARIABLE = YES;
				IPHONEOS_DEPLOYMENT_TARGET = 10.2;
				MTL_ENABLE_DEBUG_INFO = YES;
				ONLY_ACTIVE_ARCH = YES;
				SDKROOT = iphoneos;
				SWIFT_ACTIVE_COMPILATION_CONDITIONS = DEBUG;
				SWIFT_OPTIMIZATION_LEVEL = "-Onone";
			};
			name = Debug;
		};
		1BB6B4D21E536616007A55B0 /* Release */ = {
			isa = XCBuildConfiguration;
			buildSettings = {
				ALWAYS_SEARCH_USER_PATHS = NO;
				CLANG_ANALYZER_NONNULL = YES;
				CLANG_CXX_LANGUAGE_STANDARD = "gnu++0x";
				CLANG_CXX_LIBRARY = "libc++";
				CLANG_ENABLE_MODULES = YES;
				CLANG_ENABLE_OBJC_ARC = YES;
				CLANG_WARN_BOOL_CONVERSION = YES;
				CLANG_WARN_CONSTANT_CONVERSION = YES;
				CLANG_WARN_DIRECT_OBJC_ISA_USAGE = YES_ERROR;
				CLANG_WARN_DOCUMENTATION_COMMENTS = YES;
				CLANG_WARN_EMPTY_BODY = YES;
				CLANG_WARN_ENUM_CONVERSION = YES;
				CLANG_WARN_INFINITE_RECURSION = YES;
				CLANG_WARN_INT_CONVERSION = YES;
				CLANG_WARN_OBJC_ROOT_CLASS = YES_ERROR;
				CLANG_WARN_SUSPICIOUS_MOVE = YES;
				CLANG_WARN_UNREACHABLE_CODE = YES;
				CLANG_WARN__DUPLICATE_METHOD_MATCH = YES;
				"CODE_SIGN_IDENTITY[sdk=iphoneos*]" = "iPhone Developer";
				COPY_PHASE_STRIP = NO;
				DEBUG_INFORMATION_FORMAT = "dwarf-with-dsym";
				ENABLE_NS_ASSERTIONS = NO;
				ENABLE_STRICT_OBJC_MSGSEND = YES;
				GCC_C_LANGUAGE_STANDARD = gnu99;
				GCC_NO_COMMON_BLOCKS = YES;
				GCC_WARN_64_TO_32_BIT_CONVERSION = YES;
				GCC_WARN_ABOUT_RETURN_TYPE = YES_ERROR;
				GCC_WARN_UNDECLARED_SELECTOR = YES;
				GCC_WARN_UNINITIALIZED_AUTOS = YES_AGGRESSIVE;
				GCC_WARN_UNUSED_FUNCTION = YES;
				GCC_WARN_UNUSED_VARIABLE = YES;
				IPHONEOS_DEPLOYMENT_TARGET = 10.2;
				MTL_ENABLE_DEBUG_INFO = NO;
				SDKROOT = iphoneos;
				SWIFT_OPTIMIZATION_LEVEL = "-Owholemodule";
				VALIDATE_PRODUCT = YES;
			};
			name = Release;
		};
		1BB6B4D41E536616007A55B0 /* Debug */ = {
			isa = XCBuildConfiguration;
			buildSettings = {
				ASSETCATALOG_COMPILER_APPICON_NAME = AppIcon;
				INFOPLIST_FILE = FLUX/Info.plist;
				LD_RUNPATH_SEARCH_PATHS = "$(inherited) @executable_path/Frameworks";
				PRODUCT_BUNDLE_IDENTIFIER = org.psharanda.FLUX;
				PRODUCT_NAME = "$(TARGET_NAME)";
				SWIFT_VERSION = 3.0;
			};
			name = Debug;
		};
		1BB6B4D51E536616007A55B0 /* Release */ = {
			isa = XCBuildConfiguration;
			buildSettings = {
				ASSETCATALOG_COMPILER_APPICON_NAME = AppIcon;
				INFOPLIST_FILE = FLUX/Info.plist;
				LD_RUNPATH_SEARCH_PATHS = "$(inherited) @executable_path/Frameworks";
				PRODUCT_BUNDLE_IDENTIFIER = org.psharanda.FLUX;
				PRODUCT_NAME = "$(TARGET_NAME)";
				SWIFT_VERSION = 3.0;
			};
			name = Release;
		};
/* End XCBuildConfiguration section */

/* Begin XCConfigurationList section */
		1BB6B4BC1E536616007A55B0 /* Build configuration list for PBXProject "FLUX" */ = {
			isa = XCConfigurationList;
			buildConfigurations = (
				1BB6B4D11E536616007A55B0 /* Debug */,
				1BB6B4D21E536616007A55B0 /* Release */,
			);
			defaultConfigurationIsVisible = 0;
			defaultConfigurationName = Release;
		};
		1BB6B4D31E536616007A55B0 /* Build configuration list for PBXNativeTarget "FLUX" */ = {
			isa = XCConfigurationList;
			buildConfigurations = (
				1BB6B4D41E536616007A55B0 /* Debug */,
				1BB6B4D51E536616007A55B0 /* Release */,
			);
			defaultConfigurationIsVisible = 0;
			defaultConfigurationName = Release;
		};
/* End XCConfigurationList section */
	};
	rootObject = 1BB6B4B91E536616007A55B0 /* Project object */;
}
