// !$*UTF8*$!
{
	archiveVersion = 1;
	classes = {
	};
	objectVersion = 46;
	objects = {

/* Begin PBXBuildFile section */
		1B158F6E1DDF21150069E60E /* Signal.swift in Sources */ = {isa = PBXBuildFile; fileRef = 1B158F6D1DDF21150069E60E /* Signal.swift */; };
		1B4581121DE1DBDE003F96A2 /* ProductionContext.swift in Sources */ = {isa = PBXBuildFile; fileRef = 1B4581111DE1DBDE003F96A2 /* ProductionContext.swift */; };
		1B4581141DE1E47B003F96A2 /* Routing.swift in Sources */ = {isa = PBXBuildFile; fileRef = 1B4581131DE1E47B003F96A2 /* Routing.swift */; };
		1B6050321DE201DE00B74DC3 /* ProductionContext.swift in Sources */ = {isa = PBXBuildFile; fileRef = 1B4581111DE1DBDE003F96A2 /* ProductionContext.swift */; };
		1B6050331DE201DE00B74DC3 /* Routing.swift in Sources */ = {isa = PBXBuildFile; fileRef = 1B4581131DE1E47B003F96A2 /* Routing.swift */; };
		1B6050341DE201DE00B74DC3 /* MainViewProtocol.swift in Sources */ = {isa = PBXBuildFile; fileRef = 1BF815B01DDE176C00D7DDAB /* MainViewProtocol.swift */; };
		1B6050351DE201DE00B74DC3 /* MainViewController.swift in Sources */ = {isa = PBXBuildFile; fileRef = 1BF815AC1DDE175700D7DDAB /* MainViewController.swift */; };
		1B6050361DE201DE00B74DC3 /* MainPresenter.swift in Sources */ = {isa = PBXBuildFile; fileRef = 1BF815B41DDE185C00D7DDAB /* MainPresenter.swift */; };
		1B6050381DE201DE00B74DC3 /* Signal.swift in Sources */ = {isa = PBXBuildFile; fileRef = 1B158F6D1DDF21150069E60E /* Signal.swift */; };
		1B6050391DE201DE00B74DC3 /* TextLoaderProtocol.swift in Sources */ = {isa = PBXBuildFile; fileRef = 1BD88B561DDEF1780059E401 /* TextLoaderProtocol.swift */; };
		1B60503A1DE201DE00B74DC3 /* TextLoader.swift in Sources */ = {isa = PBXBuildFile; fileRef = 1BD88B571DDEF1780059E401 /* TextLoader.swift */; };
		1B60503B1DE201DE00B74DC3 /* DetailsViewController.swift in Sources */ = {isa = PBXBuildFile; fileRef = 1BF815B81DDE217F00D7DDAB /* DetailsViewController.swift */; };
		1B60503C1DE201DE00B74DC3 /* Wireframe.swift in Sources */ = {isa = PBXBuildFile; fileRef = 1BF815B61DDE1F7D00D7DDAB /* Wireframe.swift */; };
		1B60503E1DE201F200B74DC3 /* TestContext.swift in Sources */ = {isa = PBXBuildFile; fileRef = 1B60503D1DE201F200B74DC3 /* TestContext.swift */; };
		1B6050401DE206CD00B74DC3 /* SilverMVCTests.swift in Sources */ = {isa = PBXBuildFile; fileRef = 1B60501F1DE1FF3900B74DC3 /* SilverMVCTests.swift */; };
		1BB497FD1E5F2BA600C09614 /* Routing+UIKit.swift in Sources */ = {isa = PBXBuildFile; fileRef = 1BCBF8A51E5F243800FD91D8 /* Routing+UIKit.swift */; };
		1BCBF89C1E5F139C00FD91D8 /* DetailsViewProtocol.swift in Sources */ = {isa = PBXBuildFile; fileRef = 1BCBF89B1E5F139C00FD91D8 /* DetailsViewProtocol.swift */; };
		1BCBF89D1E5F141800FD91D8 /* DetailsViewProtocol.swift in Sources */ = {isa = PBXBuildFile; fileRef = 1BCBF89B1E5F139C00FD91D8 /* DetailsViewProtocol.swift */; };
		1BCBF8A41E5F239A00FD91D8 /* TestRouting.swift in Sources */ = {isa = PBXBuildFile; fileRef = 1BCBF8A21E5F239300FD91D8 /* TestRouting.swift */; };
		1BCBF8A61E5F243800FD91D8 /* Routing+UIKit.swift in Sources */ = {isa = PBXBuildFile; fileRef = 1BCBF8A51E5F243800FD91D8 /* Routing+UIKit.swift */; };
		1BD88B581DDEF1780059E401 /* TextLoaderProtocol.swift in Sources */ = {isa = PBXBuildFile; fileRef = 1BD88B561DDEF1780059E401 /* TextLoaderProtocol.swift */; };
		1BD88B591DDEF1780059E401 /* TextLoader.swift in Sources */ = {isa = PBXBuildFile; fileRef = 1BD88B571DDEF1780059E401 /* TextLoader.swift */; };
		1BF815901DDE15EC00D7DDAB /* AppDelegate.swift in Sources */ = {isa = PBXBuildFile; fileRef = 1BF8158F1DDE15EC00D7DDAB /* AppDelegate.swift */; };
		1BF815971DDE15EC00D7DDAB /* Assets.xcassets in Resources */ = {isa = PBXBuildFile; fileRef = 1BF815961DDE15EC00D7DDAB /* Assets.xcassets */; };
		1BF8159A1DDE15EC00D7DDAB /* LaunchScreen.storyboard in Resources */ = {isa = PBXBuildFile; fileRef = 1BF815981DDE15EC00D7DDAB /* LaunchScreen.storyboard */; };
		1BF815AE1DDE175700D7DDAB /* MainViewController.swift in Sources */ = {isa = PBXBuildFile; fileRef = 1BF815AC1DDE175700D7DDAB /* MainViewController.swift */; };
		1BF815B11DDE176C00D7DDAB /* MainViewProtocol.swift in Sources */ = {isa = PBXBuildFile; fileRef = 1BF815B01DDE176C00D7DDAB /* MainViewProtocol.swift */; };
		1BF815B51DDE185C00D7DDAB /* MainPresenter.swift in Sources */ = {isa = PBXBuildFile; fileRef = 1BF815B41DDE185C00D7DDAB /* MainPresenter.swift */; };
		1BF815B71DDE1F7D00D7DDAB /* Wireframe.swift in Sources */ = {isa = PBXBuildFile; fileRef = 1BF815B61DDE1F7D00D7DDAB /* Wireframe.swift */; };
		1BF815B91DDE217F00D7DDAB /* DetailsViewController.swift in Sources */ = {isa = PBXBuildFile; fileRef = 1BF815B81DDE217F00D7DDAB /* DetailsViewController.swift */; };
/* End PBXBuildFile section */

/* Begin PBXContainerItemProxy section */
		1B6050221DE1FF3900B74DC3 /* PBXContainerItemProxy */ = {
			isa = PBXContainerItemProxy;
			containerPortal = 1BF815841DDE15EC00D7DDAB /* Project object */;
			proxyType = 1;
			remoteGlobalIDString = 1BF8158B1DDE15EC00D7DDAB;
			remoteInfo = SilverMVC;
		};
/* End PBXContainerItemProxy section */

/* Begin PBXFileReference section */
		1B158F6D1DDF21150069E60E /* Signal.swift */ = {isa = PBXFileReference; fileEncoding = 4; lastKnownFileType = sourcecode.swift; path = Signal.swift; sourceTree = "<group>"; };
		1B4581111DE1DBDE003F96A2 /* ProductionContext.swift */ = {isa = PBXFileReference; fileEncoding = 4; lastKnownFileType = sourcecode.swift; path = ProductionContext.swift; sourceTree = "<group>"; };
		1B4581131DE1E47B003F96A2 /* Routing.swift */ = {isa = PBXFileReference; fileEncoding = 4; lastKnownFileType = sourcecode.swift; path = Routing.swift; sourceTree = "<group>"; };
		1B60501D1DE1FF3900B74DC3 /* SilverMVCTests.xctest */ = {isa = PBXFileReference; explicitFileType = wrapper.cfbundle; includeInIndex = 0; path = SilverMVCTests.xctest; sourceTree = BUILT_PRODUCTS_DIR; };
		1B60501F1DE1FF3900B74DC3 /* SilverMVCTests.swift */ = {isa = PBXFileReference; lastKnownFileType = sourcecode.swift; path = SilverMVCTests.swift; sourceTree = "<group>"; };
		1B6050211DE1FF3900B74DC3 /* Info.plist */ = {isa = PBXFileReference; lastKnownFileType = text.plist.xml; path = Info.plist; sourceTree = "<group>"; };
		1B60503D1DE201F200B74DC3 /* TestContext.swift */ = {isa = PBXFileReference; fileEncoding = 4; lastKnownFileType = sourcecode.swift; path = TestContext.swift; sourceTree = "<group>"; };
		1BCBF89B1E5F139C00FD91D8 /* DetailsViewProtocol.swift */ = {isa = PBXFileReference; fileEncoding = 4; lastKnownFileType = sourcecode.swift; path = DetailsViewProtocol.swift; sourceTree = "<group>"; };
		1BCBF8A21E5F239300FD91D8 /* TestRouting.swift */ = {isa = PBXFileReference; fileEncoding = 4; lastKnownFileType = sourcecode.swift; path = TestRouting.swift; sourceTree = "<group>"; };
		1BCBF8A51E5F243800FD91D8 /* Routing+UIKit.swift */ = {isa = PBXFileReference; fileEncoding = 4; lastKnownFileType = sourcecode.swift; path = "Routing+UIKit.swift"; sourceTree = "<group>"; };
		1BD88B561DDEF1780059E401 /* TextLoaderProtocol.swift */ = {isa = PBXFileReference; fileEncoding = 4; lastKnownFileType = sourcecode.swift; path = TextLoaderProtocol.swift; sourceTree = "<group>"; };
		1BD88B571DDEF1780059E401 /* TextLoader.swift */ = {isa = PBXFileReference; fileEncoding = 4; lastKnownFileType = sourcecode.swift; path = TextLoader.swift; sourceTree = "<group>"; };
		1BF8158C1DDE15EC00D7DDAB /* SilverMVC.app */ = {isa = PBXFileReference; explicitFileType = wrapper.application; includeInIndex = 0; path = SilverMVC.app; sourceTree = BUILT_PRODUCTS_DIR; };
		1BF8158F1DDE15EC00D7DDAB /* AppDelegate.swift */ = {isa = PBXFileReference; lastKnownFileType = sourcecode.swift; path = AppDelegate.swift; sourceTree = "<group>"; };
		1BF815961DDE15EC00D7DDAB /* Assets.xcassets */ = {isa = PBXFileReference; lastKnownFileType = folder.assetcatalog; path = Assets.xcassets; sourceTree = "<group>"; };
		1BF815991DDE15EC00D7DDAB /* Base */ = {isa = PBXFileReference; lastKnownFileType = file.storyboard; name = Base; path = Base.lproj/LaunchScreen.storyboard; sourceTree = "<group>"; };
		1BF8159B1DDE15EC00D7DDAB /* Info.plist */ = {isa = PBXFileReference; lastKnownFileType = text.plist.xml; path = Info.plist; sourceTree = "<group>"; };
		1BF815AC1DDE175700D7DDAB /* MainViewController.swift */ = {isa = PBXFileReference; fileEncoding = 4; lastKnownFileType = sourcecode.swift; path = MainViewController.swift; sourceTree = "<group>"; };
		1BF815B01DDE176C00D7DDAB /* MainViewProtocol.swift */ = {isa = PBXFileReference; fileEncoding = 4; lastKnownFileType = sourcecode.swift; path = MainViewProtocol.swift; sourceTree = "<group>"; };
		1BF815B41DDE185C00D7DDAB /* MainPresenter.swift */ = {isa = PBXFileReference; fileEncoding = 4; lastKnownFileType = sourcecode.swift; path = MainPresenter.swift; sourceTree = "<group>"; };
		1BF815B61DDE1F7D00D7DDAB /* Wireframe.swift */ = {isa = PBXFileReference; fileEncoding = 4; lastKnownFileType = sourcecode.swift; path = Wireframe.swift; sourceTree = "<group>"; };
		1BF815B81DDE217F00D7DDAB /* DetailsViewController.swift */ = {isa = PBXFileReference; fileEncoding = 4; lastKnownFileType = sourcecode.swift; path = DetailsViewController.swift; sourceTree = "<group>"; };
/* End PBXFileReference section */

/* Begin PBXFrameworksBuildPhase section */
		1B60501A1DE1FF3900B74DC3 /* Frameworks */ = {
			isa = PBXFrameworksBuildPhase;
			buildActionMask = 2147483647;
			files = (
			);
			runOnlyForDeploymentPostprocessing = 0;
		};
		1BF815891DDE15EC00D7DDAB /* Frameworks */ = {
			isa = PBXFrameworksBuildPhase;
			buildActionMask = 2147483647;
			files = (
			);
			runOnlyForDeploymentPostprocessing = 0;
		};
/* End PBXFrameworksBuildPhase section */

/* Begin PBXGroup section */
		1B45810A1DE1D67E003F96A2 /* View */ = {
			isa = PBXGroup;
			children = (
				1BF815B01DDE176C00D7DDAB /* MainViewProtocol.swift */,
				1BF815AC1DDE175700D7DDAB /* MainViewController.swift */,
				1BCBF89B1E5F139C00FD91D8 /* DetailsViewProtocol.swift */,
				1BF815B81DDE217F00D7DDAB /* DetailsViewController.swift */,
			);
			name = View;
			sourceTree = "<group>";
		};
		1B60501E1DE1FF3900B74DC3 /* SilverMVCTests */ = {
			isa = PBXGroup;
			children = (
				1BCBF8A11E5F238300FD91D8 /* Foundation */,
				1B60503D1DE201F200B74DC3 /* TestContext.swift */,
				1B60501F1DE1FF3900B74DC3 /* SilverMVCTests.swift */,
				1B6050211DE1FF3900B74DC3 /* Info.plist */,
			);
			path = SilverMVCTests;
			sourceTree = "<group>";
		};
		1BCBF8991E5F12CE00FD91D8 /* Presenter */ = {
			isa = PBXGroup;
			children = (
				1BF815B41DDE185C00D7DDAB /* MainPresenter.swift */,
			);
			name = Presenter;
			sourceTree = "<group>";
		};
		1BCBF89A1E5F12E200FD91D8 /* Context */ = {
			isa = PBXGroup;
			children = (
				1B4581111DE1DBDE003F96A2 /* ProductionContext.swift */,
			);
			name = Context;
			sourceTree = "<group>";
		};
		1BCBF89E1E5F222100FD91D8 /* Routing */ = {
			isa = PBXGroup;
			children = (
				1BF815B61DDE1F7D00D7DDAB /* Wireframe.swift */,
			);
			name = Routing;
			sourceTree = "<group>";
		};
		1BCBF89F1E5F225200FD91D8 /* App */ = {
			isa = PBXGroup;
			children = (
				1BF8158F1DDE15EC00D7DDAB /* AppDelegate.swift */,
				1BF815961DDE15EC00D7DDAB /* Assets.xcassets */,
				1BF815981DDE15EC00D7DDAB /* LaunchScreen.storyboard */,
				1BF8159B1DDE15EC00D7DDAB /* Info.plist */,
			);
			name = App;
			sourceTree = "<group>";
		};
		1BCBF8A01E5F22F100FD91D8 /* Foundation */ = {
			isa = PBXGroup;
			children = (
				1B158F6D1DDF21150069E60E /* Signal.swift */,
				1B4581131DE1E47B003F96A2 /* Routing.swift */,
				1BCBF8A51E5F243800FD91D8 /* Routing+UIKit.swift */,
			);
			name = Foundation;
			sourceTree = "<group>";
		};
		1BCBF8A11E5F238300FD91D8 /* Foundation */ = {
			isa = PBXGroup;
			children = (
				1BCBF8A21E5F239300FD91D8 /* TestRouting.swift */,
			);
			name = Foundation;
			sourceTree = "<group>";
		};
		1BF815831DDE15EC00D7DDAB = {
			isa = PBXGroup;
			children = (
				1BF8158E1DDE15EC00D7DDAB /* SilverMVC */,
				1B60501E1DE1FF3900B74DC3 /* SilverMVCTests */,
				1BF8158D1DDE15EC00D7DDAB /* Products */,
			);
			sourceTree = "<group>";
		};
		1BF8158D1DDE15EC00D7DDAB /* Products */ = {
			isa = PBXGroup;
			children = (
				1BF8158C1DDE15EC00D7DDAB /* SilverMVC.app */,
				1B60501D1DE1FF3900B74DC3 /* SilverMVCTests.xctest */,
			);
			name = Products;
			sourceTree = "<group>";
		};
		1BF8158E1DDE15EC00D7DDAB /* SilverMVC */ = {
			isa = PBXGroup;
			children = (
				1BCBF89F1E5F225200FD91D8 /* App */,
				1BCBF8A01E5F22F100FD91D8 /* Foundation */,
				1BF815A51DDE165900D7DDAB /* Model */,
				1B45810A1DE1D67E003F96A2 /* View */,
				1BCBF8991E5F12CE00FD91D8 /* Presenter */,
				1BCBF89E1E5F222100FD91D8 /* Routing */,
				1BCBF89A1E5F12E200FD91D8 /* Context */,
			);
			path = SilverMVC;
			sourceTree = "<group>";
		};
		1BF815A51DDE165900D7DDAB /* Model */ = {
			isa = PBXGroup;
			children = (
				1BD88B561DDEF1780059E401 /* TextLoaderProtocol.swift */,
				1BD88B571DDEF1780059E401 /* TextLoader.swift */,
			);
			name = Model;
			sourceTree = "<group>";
		};
/* End PBXGroup section */

/* Begin PBXNativeTarget section */
		1B60501C1DE1FF3900B74DC3 /* SilverMVCTests */ = {
			isa = PBXNativeTarget;
			buildConfigurationList = 1B6050261DE1FF3900B74DC3 /* Build configuration list for PBXNativeTarget "SilverMVCTests" */;
			buildPhases = (
				1B6050191DE1FF3900B74DC3 /* Sources */,
				1B60501A1DE1FF3900B74DC3 /* Frameworks */,
				1B60501B1DE1FF3900B74DC3 /* Resources */,
			);
			buildRules = (
			);
			dependencies = (
				1B6050231DE1FF3900B74DC3 /* PBXTargetDependency */,
			);
			name = SilverMVCTests;
			productName = SilverMVCTests;
			productReference = 1B60501D1DE1FF3900B74DC3 /* SilverMVCTests.xctest */;
			productType = "com.apple.product-type.bundle.unit-test";
		};
		1BF8158B1DDE15EC00D7DDAB /* SilverMVC */ = {
			isa = PBXNativeTarget;
			buildConfigurationList = 1BF8159E1DDE15EC00D7DDAB /* Build configuration list for PBXNativeTarget "SilverMVC" */;
			buildPhases = (
				1BF815881DDE15EC00D7DDAB /* Sources */,
				1BF815891DDE15EC00D7DDAB /* Frameworks */,
				1BF8158A1DDE15EC00D7DDAB /* Resources */,
			);
			buildRules = (
			);
			dependencies = (
			);
			name = SilverMVC;
			productName = SilverMVC;
			productReference = 1BF8158C1DDE15EC00D7DDAB /* SilverMVC.app */;
			productType = "com.apple.product-type.application";
		};
/* End PBXNativeTarget section */

/* Begin PBXProject section */
		1BF815841DDE15EC00D7DDAB /* Project object */ = {
			isa = PBXProject;
			attributes = {
				LastSwiftUpdateCheck = 0820;
				LastUpgradeCheck = 0820;
				ORGANIZATIONNAME = psharanda;
				TargetAttributes = {
					1B60501C1DE1FF3900B74DC3 = {
						CreatedOnToolsVersion = 8.2;
						ProvisioningStyle = Automatic;
						TestTargetID = 1BF8158B1DDE15EC00D7DDAB;
					};
					1BF8158B1DDE15EC00D7DDAB = {
						CreatedOnToolsVersion = 8.2;
						ProvisioningStyle = Automatic;
					};
				};
			};
			buildConfigurationList = 1BF815871DDE15EC00D7DDAB /* Build configuration list for PBXProject "SilverMVC" */;
			compatibilityVersion = "Xcode 3.2";
			developmentRegion = English;
			hasScannedForEncodings = 0;
			knownRegions = (
				en,
				Base,
			);
			mainGroup = 1BF815831DDE15EC00D7DDAB;
			productRefGroup = 1BF8158D1DDE15EC00D7DDAB /* Products */;
			projectDirPath = "";
			projectRoot = "";
			targets = (
				1BF8158B1DDE15EC00D7DDAB /* SilverMVC */,
				1B60501C1DE1FF3900B74DC3 /* SilverMVCTests */,
			);
		};
/* End PBXProject section */

/* Begin PBXResourcesBuildPhase section */
		1B60501B1DE1FF3900B74DC3 /* Resources */ = {
			isa = PBXResourcesBuildPhase;
			buildActionMask = 2147483647;
			files = (
			);
			runOnlyForDeploymentPostprocessing = 0;
		};
		1BF8158A1DDE15EC00D7DDAB /* Resources */ = {
			isa = PBXResourcesBuildPhase;
			buildActionMask = 2147483647;
			files = (
				1BF8159A1DDE15EC00D7DDAB /* LaunchScreen.storyboard in Resources */,
				1BF815971DDE15EC00D7DDAB /* Assets.xcassets in Resources */,
			);
			runOnlyForDeploymentPostprocessing = 0;
		};
/* End PBXResourcesBuildPhase section */

/* Begin PBXSourcesBuildPhase section */
		1B6050191DE1FF3900B74DC3 /* Sources */ = {
			isa = PBXSourcesBuildPhase;
			buildActionMask = 2147483647;
			files = (
				1BCBF89D1E5F141800FD91D8 /* DetailsViewProtocol.swift in Sources */,
				1B6050361DE201DE00B74DC3 /* MainPresenter.swift in Sources */,
				1B60503B1DE201DE00B74DC3 /* DetailsViewController.swift in Sources */,
				1B60503A1DE201DE00B74DC3 /* TextLoader.swift in Sources */,
				1B6050321DE201DE00B74DC3 /* ProductionContext.swift in Sources */,
				1B6050391DE201DE00B74DC3 /* TextLoaderProtocol.swift in Sources */,
				1B6050341DE201DE00B74DC3 /* MainViewProtocol.swift in Sources */,
				1BB497FD1E5F2BA600C09614 /* Routing+UIKit.swift in Sources */,
				1B60503C1DE201DE00B74DC3 /* Wireframe.swift in Sources */,
				1B6050381DE201DE00B74DC3 /* Signal.swift in Sources */,
				1B6050331DE201DE00B74DC3 /* Routing.swift in Sources */,
				1B6050351DE201DE00B74DC3 /* MainViewController.swift in Sources */,
				1B6050401DE206CD00B74DC3 /* SilverMVCTests.swift in Sources */,
				1BCBF8A41E5F239A00FD91D8 /* TestRouting.swift in Sources */,
				1B60503E1DE201F200B74DC3 /* TestContext.swift in Sources */,
			);
			runOnlyForDeploymentPostprocessing = 0;
		};
		1BF815881DDE15EC00D7DDAB /* Sources */ = {
			isa = PBXSourcesBuildPhase;
			buildActionMask = 2147483647;
			files = (
				1BF815B71DDE1F7D00D7DDAB /* Wireframe.swift in Sources */,
				1B4581141DE1E47B003F96A2 /* Routing.swift in Sources */,
				1BCBF8A61E5F243800FD91D8 /* Routing+UIKit.swift in Sources */,
				1BF815B91DDE217F00D7DDAB /* DetailsViewController.swift in Sources */,
				1B4581121DE1DBDE003F96A2 /* ProductionContext.swift in Sources */,
				1BF815901DDE15EC00D7DDAB /* AppDelegate.swift in Sources */,
				1BCBF89C1E5F139C00FD91D8 /* DetailsViewProtocol.swift in Sources */,
				1BF815B51DDE185C00D7DDAB /* MainPresenter.swift in Sources */,
				1B158F6E1DDF21150069E60E /* Signal.swift in Sources */,
				1BD88B581DDEF1780059E401 /* TextLoaderProtocol.swift in Sources */,
				1BF815B11DDE176C00D7DDAB /* MainViewProtocol.swift in Sources */,
				1BF815AE1DDE175700D7DDAB /* MainViewController.swift in Sources */,
				1BD88B591DDEF1780059E401 /* TextLoader.swift in Sources */,
			);
			runOnlyForDeploymentPostprocessing = 0;
		};
/* End PBXSourcesBuildPhase section */

/* Begin PBXTargetDependency section */
		1B6050231DE1FF3900B74DC3 /* PBXTargetDependency */ = {
			isa = PBXTargetDependency;
			target = 1BF8158B1DDE15EC00D7DDAB /* SilverMVC */;
			targetProxy = 1B6050221DE1FF3900B74DC3 /* PBXContainerItemProxy */;
		};
/* End PBXTargetDependency section */

/* Begin PBXVariantGroup section */
		1BF815981DDE15EC00D7DDAB /* LaunchScreen.storyboard */ = {
			isa = PBXVariantGroup;
			children = (
				1BF815991DDE15EC00D7DDAB /* Base */,
			);
			name = LaunchScreen.storyboard;
			sourceTree = "<group>";
		};
/* End PBXVariantGroup section */

/* Begin XCBuildConfiguration section */
		1B6050241DE1FF3900B74DC3 /* Debug */ = {
			isa = XCBuildConfiguration;
			buildSettings = {
				BUNDLE_LOADER = "$(TEST_HOST)";
				INFOPLIST_FILE = SilverMVCTests/Info.plist;
				LD_RUNPATH_SEARCH_PATHS = "$(inherited) @executable_path/Frameworks @loader_path/Frameworks";
				PRODUCT_BUNDLE_IDENTIFIER = org.psharanda.SilverMVCTests;
				PRODUCT_NAME = "$(TARGET_NAME)";
				SWIFT_VERSION = 3.0;
				TEST_HOST = "$(BUILT_PRODUCTS_DIR)/SilverMVC.app/SilverMVC";
			};
			name = Debug;
		};
		1B6050251DE1FF3900B74DC3 /* Release */ = {
			isa = XCBuildConfiguration;
			buildSettings = {
				BUNDLE_LOADER = "$(TEST_HOST)";
				INFOPLIST_FILE = SilverMVCTests/Info.plist;
				LD_RUNPATH_SEARCH_PATHS = "$(inherited) @executable_path/Frameworks @loader_path/Frameworks";
				PRODUCT_BUNDLE_IDENTIFIER = org.psharanda.SilverMVCTests;
				PRODUCT_NAME = "$(TARGET_NAME)";
				SWIFT_VERSION = 3.0;
				TEST_HOST = "$(BUILT_PRODUCTS_DIR)/SilverMVC.app/SilverMVC";
			};
			name = Release;
		};
		1BF8159C1DDE15EC00D7DDAB /* Debug */ = {
			isa = XCBuildConfiguration;
			buildSettings = {
				ALWAYS_SEARCH_USER_PATHS = NO;
				CLANG_ANALYZER_NONNULL = YES;
				CLANG_CXX_LANGUAGE_STANDARD = "gnu++0x";
				CLANG_CXX_LIBRARY = "libc++";
				CLANG_ENABLE_MODULES = YES;
				CLANG_ENABLE_OBJC_ARC = YES;
				CLANG_WARN_BOOL_CONVERSION = YES;
				CLANG_WARN_CONSTANT_CONVERSION = YES;
				CLANG_WARN_DIRECT_OBJC_ISA_USAGE = YES_ERROR;
				CLANG_WARN_DOCUMENTATION_COMMENTS = YES;
				CLANG_WARN_EMPTY_BODY = YES;
				CLANG_WARN_ENUM_CONVERSION = YES;
				CLANG_WARN_INFINITE_RECURSION = YES;
				CLANG_WARN_INT_CONVERSION = YES;
				CLANG_WARN_OBJC_ROOT_CLASS = YES_ERROR;
				CLANG_WARN_SUSPICIOUS_MOVE = YES;
				CLANG_WARN_UNREACHABLE_CODE = YES;
				CLANG_WARN__DUPLICATE_METHOD_MATCH = YES;
				"CODE_SIGN_IDENTITY[sdk=iphoneos*]" = "iPhone Developer";
				COPY_PHASE_STRIP = NO;
				DEBUG_INFORMATION_FORMAT = dwarf;
				ENABLE_STRICT_OBJC_MSGSEND = YES;
				ENABLE_TESTABILITY = YES;
				GCC_C_LANGUAGE_STANDARD = gnu99;
				GCC_DYNAMIC_NO_PIC = NO;
				GCC_NO_COMMON_BLOCKS = YES;
				GCC_OPTIMIZATION_LEVEL = 0;
				GCC_PREPROCESSOR_DEFINITIONS = (
					"DEBUG=1",
					"$(inherited)",
				);
				GCC_WARN_64_TO_32_BIT_CONVERSION = YES;
				GCC_WARN_ABOUT_RETURN_TYPE = YES_ERROR;
				GCC_WARN_UNDECLARED_SELECTOR = YES;
				GCC_WARN_UNINITIALIZED_AUTOS = YES_AGGRESSIVE;
				GCC_WARN_UNUSED_FUNCTION = YES;
				GCC_WARN_UNUSED_VARIABLE = YES;
				IPHONEOS_DEPLOYMENT_TARGET = 10.2;
				MTL_ENABLE_DEBUG_INFO = YES;
				ONLY_ACTIVE_ARCH = YES;
				SDKROOT = iphoneos;
				SWIFT_ACTIVE_COMPILATION_CONDITIONS = DEBUG;
				SWIFT_OPTIMIZATION_LEVEL = "-Onone";
			};
			name = Debug;
		};
		1BF8159D1DDE15EC00D7DDAB /* Release */ = {
			isa = XCBuildConfiguration;
			buildSettings = {
				ALWAYS_SEARCH_USER_PATHS = NO;
				CLANG_ANALYZER_NONNULL = YES;
				CLANG_CXX_LANGUAGE_STANDARD = "gnu++0x";
				CLANG_CXX_LIBRARY = "libc++";
				CLANG_ENABLE_MODULES = YES;
				CLANG_ENABLE_OBJC_ARC = YES;
				CLANG_WARN_BOOL_CONVERSION = YES;
				CLANG_WARN_CONSTANT_CONVERSION = YES;
				CLANG_WARN_DIRECT_OBJC_ISA_USAGE = YES_ERROR;
				CLANG_WARN_DOCUMENTATION_COMMENTS = YES;
				CLANG_WARN_EMPTY_BODY = YES;
				CLANG_WARN_ENUM_CONVERSION = YES;
				CLANG_WARN_INFINITE_RECURSION = YES;
				CLANG_WARN_INT_CONVERSION = YES;
				CLANG_WARN_OBJC_ROOT_CLASS = YES_ERROR;
				CLANG_WARN_SUSPICIOUS_MOVE = YES;
				CLANG_WARN_UNREACHABLE_CODE = YES;
				CLANG_WARN__DUPLICATE_METHOD_MATCH = YES;
				"CODE_SIGN_IDENTITY[sdk=iphoneos*]" = "iPhone Developer";
				COPY_PHASE_STRIP = NO;
				DEBUG_INFORMATION_FORMAT = "dwarf-with-dsym";
				ENABLE_NS_ASSERTIONS = NO;
				ENABLE_STRICT_OBJC_MSGSEND = YES;
				GCC_C_LANGUAGE_STANDARD = gnu99;
				GCC_NO_COMMON_BLOCKS = YES;
				GCC_WARN_64_TO_32_BIT_CONVERSION = YES;
				GCC_WARN_ABOUT_RETURN_TYPE = YES_ERROR;
				GCC_WARN_UNDECLARED_SELECTOR = YES;
				GCC_WARN_UNINITIALIZED_AUTOS = YES_AGGRESSIVE;
				GCC_WARN_UNUSED_FUNCTION = YES;
				GCC_WARN_UNUSED_VARIABLE = YES;
				IPHONEOS_DEPLOYMENT_TARGET = 10.2;
				MTL_ENABLE_DEBUG_INFO = NO;
				SDKROOT = iphoneos;
				SWIFT_OPTIMIZATION_LEVEL = "-Owholemodule";
				VALIDATE_PRODUCT = YES;
			};
			name = Release;
		};
		1BF8159F1DDE15EC00D7DDAB /* Debug */ = {
			isa = XCBuildConfiguration;
			buildSettings = {
				ASSETCATALOG_COMPILER_APPICON_NAME = AppIcon;
				INFOPLIST_FILE = SilverMVC/Info.plist;
				LD_RUNPATH_SEARCH_PATHS = "$(inherited) @executable_path/Frameworks";
				PRODUCT_BUNDLE_IDENTIFIER = org.psharanda.SilverMVC;
				PRODUCT_NAME = "$(TARGET_NAME)";
				SWIFT_VERSION = 3.0;
			};
			name = Debug;
		};
		1BF815A01DDE15EC00D7DDAB /* Release */ = {
			isa = XCBuildConfiguration;
			buildSettings = {
				ASSETCATALOG_COMPILER_APPICON_NAME = AppIcon;
				INFOPLIST_FILE = SilverMVC/Info.plist;
				LD_RUNPATH_SEARCH_PATHS = "$(inherited) @executable_path/Frameworks";
				PRODUCT_BUNDLE_IDENTIFIER = org.psharanda.SilverMVC;
				PRODUCT_NAME = "$(TARGET_NAME)";
				SWIFT_VERSION = 3.0;
			};
			name = Release;
		};
/* End XCBuildConfiguration section */

/* Begin XCConfigurationList section */
		1B6050261DE1FF3900B74DC3 /* Build configuration list for PBXNativeTarget "SilverMVCTests" */ = {
			isa = XCConfigurationList;
			buildConfigurations = (
				1B6050241DE1FF3900B74DC3 /* Debug */,
				1B6050251DE1FF3900B74DC3 /* Release */,
			);
			defaultConfigurationIsVisible = 0;
			defaultConfigurationName = Release;
		};
		1BF815871DDE15EC00D7DDAB /* Build configuration list for PBXProject "SilverMVC" */ = {
			isa = XCConfigurationList;
			buildConfigurations = (
				1BF8159C1DDE15EC00D7DDAB /* Debug */,
				1BF8159D1DDE15EC00D7DDAB /* Release */,
			);
			defaultConfigurationIsVisible = 0;
			defaultConfigurationName = Release;
		};
		1BF8159E1DDE15EC00D7DDAB /* Build configuration list for PBXNativeTarget "SilverMVC" */ = {
			isa = XCConfigurationList;
			buildConfigurations = (
				1BF8159F1DDE15EC00D7DDAB /* Debug */,
				1BF815A01DDE15EC00D7DDAB /* Release */,
			);
			defaultConfigurationIsVisible = 0;
			defaultConfigurationName = Release;
		};
/* End XCConfigurationList section */
	};
	rootObject = 1BF815841DDE15EC00D7DDAB /* Project object */;
}
